
Microsoft Visual Studio Solution File, Format Version 12.00
# Visual Studio Version 17
VisualStudioVersion = 17.14.36511.14 d17.14
MinimumVisualStudioVersion = 10.0.40219.1
Project("{FAE04EC0-301F-11D3-BF4B-00C04F79EFBC}") = "prueba", "prueba\prueba.csproj", "{7BEAFF35-0C53-4A34-B926-7DDE75E1D383}"
EndProject
Global
	GlobalSection(SolutionConfigurationPlatforms) = preSolution
		Debug|Any CPU = Debug|Any CPU
		Release|Any CPU = Release|Any CPU
	EndGlobalSection
	GlobalSection(ProjectConfigurationPlatforms) = postSolution
		{7BEAFF35-0C53-4A34-B926-7DDE75E1D383}.Debug|Any CPU.ActiveCfg = Debug|Any CPU
		{7BEAFF35-0C53-4A34-B926-7DDE75E1D383}.Debug|Any CPU.Build.0 = Debug|Any CPU
		{7BEAFF35-0C53-4A34-B926-7DDE75E1D383}.Release|Any CPU.ActiveCfg = Release|Any CPU
		{7BEAFF35-0C53-4A34-B926-7DDE75E1D383}.Release|Any CPU.Build.0 = Release|Any CPU
	EndGlobalSection
	GlobalSection(SolutionProperties) = preSolution
		HideSolutionNode = FALSE
	EndGlobalSection
	GlobalSection(ExtensibilityGlobals) = postSolution
		SolutionGuid = {13DE98E0-8E7F-4255-8765-07CAB8A0DE2E}
	EndGlobalSection
EndGlobal
